
Microsoft Visual Studio Solution File, Format Version 12.00
# Visual Studio Version 17
VisualStudioVersion = 17.0.31903.59
MinimumVisualStudioVersion = 10.0.40219.1
Project("{9A19103F-16F7-4668-BE54-9A1E7A4F7556}") = "JsonPlace.Repository", "JsonPlace.Repository\JsonPlace.Repository.csproj", "{29FDB186-8883-4C9B-AA69-BCCAF1AE880B}"
EndProject
Project("{9A19103F-16F7-4668-BE54-9A1E7A4F7556}") = "JsonPlace.Core", "JsonPlace.Core\JsonPlace.Core.csproj", "{09A899C6-F585-4592-849D-8883E813FD8B}"
EndProject
Project("{2150E333-8FDC-42A3-9474-1A3956D46DE8}") = "JsonPlace.DAL", "JsonPlace.DAL", "{CDB3FA07-69B6-45EA-B3A0-88FAAD30C264}"
EndProject
Project("{2150E333-8FDC-42A3-9474-1A3956D46DE8}") = "JsonPlace.Business", "JsonPlace.Business", "{99B3D64D-AC96-476D-8F5B-F00D7DAA2A2C}"
EndProject
Project("{9A19103F-16F7-4668-BE54-9A1E7A4F7556}") = "JsonPlace.Business", "JsonPlace.Business\JsonPlace.Business.csproj", "{0FAF2D21-6CDA-4ED0-8590-A931BAFCD668}"
EndProject
Project("{9A19103F-16F7-4668-BE54-9A1E7A4F7556}") = "JsonPlaceApi", "JsonPlaceApi\JsonPlaceApi.csproj", "{9EADE35B-2032-4C45-B4FE-BE8C056BBF78}"
EndProject
Project("{2150E333-8FDC-42A3-9474-1A3956D46DE8}") = "Api", "Api", "{76B8D261-AB02-44D2-A715-44503573070E}"
EndProject
Project("{2150E333-8FDC-42A3-9474-1A3956D46DE8}") = "JsonPlace.DTO", "JsonPlace.DTO", "{A8D33D3B-EB73-47CD-95C9-CB261964639F}"
EndProject
Project("{FAE04EC0-301F-11D3-BF4B-00C04F79EFBC}") = "JsonPlace.DataTransferObjects", "JsonPlace.DataTransferObjects\JsonPlace.DataTransferObjects.csproj", "{6E9AABBA-730D-4CBA-9683-20E42D2AF096}"
EndProject
Project("{2150E333-8FDC-42A3-9474-1A3956D46DE8}") = "JsonPlace.Common", "JsonPlace.Common", "{FAAD539F-7055-43F3-85B9-2447ACFE48B0}"
EndProject
Project("{FAE04EC0-301F-11D3-BF4B-00C04F79EFBC}") = "JsonPlace.Common", "JsonPlace.Common\JsonPlace.Common.csproj", "{DB579D65-D620-426B-97CC-309A59AFAC55}"
EndProject
Global
	GlobalSection(SolutionConfigurationPlatforms) = preSolution
		Debug|Any CPU = Debug|Any CPU
		Release|Any CPU = Release|Any CPU
	EndGlobalSection
	GlobalSection(ProjectConfigurationPlatforms) = postSolution
		{29FDB186-8883-4C9B-AA69-BCCAF1AE880B}.Debug|Any CPU.ActiveCfg = Debug|Any CPU
		{29FDB186-8883-4C9B-AA69-BCCAF1AE880B}.Debug|Any CPU.Build.0 = Debug|Any CPU
		{29FDB186-8883-4C9B-AA69-BCCAF1AE880B}.Release|Any CPU.ActiveCfg = Release|Any CPU
		{29FDB186-8883-4C9B-AA69-BCCAF1AE880B}.Release|Any CPU.Build.0 = Release|Any CPU
		{09A899C6-F585-4592-849D-8883E813FD8B}.Debug|Any CPU.ActiveCfg = Debug|Any CPU
		{09A899C6-F585-4592-849D-8883E813FD8B}.Debug|Any CPU.Build.0 = Debug|Any CPU
		{09A899C6-F585-4592-849D-8883E813FD8B}.Release|Any CPU.ActiveCfg = Release|Any CPU
		{09A899C6-F585-4592-849D-8883E813FD8B}.Release|Any CPU.Build.0 = Release|Any CPU
		{0FAF2D21-6CDA-4ED0-8590-A931BAFCD668}.Debug|Any CPU.ActiveCfg = Debug|Any CPU
		{0FAF2D21-6CDA-4ED0-8590-A931BAFCD668}.Debug|Any CPU.Build.0 = Debug|Any CPU
		{0FAF2D21-6CDA-4ED0-8590-A931BAFCD668}.Release|Any CPU.ActiveCfg = Release|Any CPU
		{0FAF2D21-6CDA-4ED0-8590-A931BAFCD668}.Release|Any CPU.Build.0 = Release|Any CPU
		{9EADE35B-2032-4C45-B4FE-BE8C056BBF78}.Debug|Any CPU.ActiveCfg = Debug|Any CPU
		{9EADE35B-2032-4C45-B4FE-BE8C056BBF78}.Debug|Any CPU.Build.0 = Debug|Any CPU
		{9EADE35B-2032-4C45-B4FE-BE8C056BBF78}.Release|Any CPU.ActiveCfg = Release|Any CPU
		{9EADE35B-2032-4C45-B4FE-BE8C056BBF78}.Release|Any CPU.Build.0 = Release|Any CPU
		{6E9AABBA-730D-4CBA-9683-20E42D2AF096}.Debug|Any CPU.ActiveCfg = Debug|Any CPU
		{6E9AABBA-730D-4CBA-9683-20E42D2AF096}.Debug|Any CPU.Build.0 = Debug|Any CPU
		{6E9AABBA-730D-4CBA-9683-20E42D2AF096}.Release|Any CPU.ActiveCfg = Release|Any CPU
		{6E9AABBA-730D-4CBA-9683-20E42D2AF096}.Release|Any CPU.Build.0 = Release|Any CPU
		{DB579D65-D620-426B-97CC-309A59AFAC55}.Debug|Any CPU.ActiveCfg = Debug|Any CPU
		{DB579D65-D620-426B-97CC-309A59AFAC55}.Debug|Any CPU.Build.0 = Debug|Any CPU
		{DB579D65-D620-426B-97CC-309A59AFAC55}.Release|Any CPU.ActiveCfg = Release|Any CPU
		{DB579D65-D620-426B-97CC-309A59AFAC55}.Release|Any CPU.Build.0 = Release|Any CPU
	EndGlobalSection
	GlobalSection(SolutionProperties) = preSolution
		HideSolutionNode = FALSE
	EndGlobalSection
	GlobalSection(NestedProjects) = preSolution
		{29FDB186-8883-4C9B-AA69-BCCAF1AE880B} = {CDB3FA07-69B6-45EA-B3A0-88FAAD30C264}
		{09A899C6-F585-4592-849D-8883E813FD8B} = {CDB3FA07-69B6-45EA-B3A0-88FAAD30C264}
		{0FAF2D21-6CDA-4ED0-8590-A931BAFCD668} = {99B3D64D-AC96-476D-8F5B-F00D7DAA2A2C}
		{9EADE35B-2032-4C45-B4FE-BE8C056BBF78} = {76B8D261-AB02-44D2-A715-44503573070E}
		{6E9AABBA-730D-4CBA-9683-20E42D2AF096} = {A8D33D3B-EB73-47CD-95C9-CB261964639F}
		{DB579D65-D620-426B-97CC-309A59AFAC55} = {FAAD539F-7055-43F3-85B9-2447ACFE48B0}
	EndGlobalSection
	GlobalSection(ExtensibilityGlobals) = postSolution
		SolutionGuid = {091FB778-25E8-4713-9587-02B92F883708}
	EndGlobalSection
EndGlobal
