
Microsoft Visual Studio Solution File, Format Version 12.00
# Visual Studio Version 17
VisualStudioVersion = 17.0.31903.59
MinimumVisualStudioVersion = 10.0.40219.1
Project("{FAE04EC0-301F-11D3-BF4B-00C04F79EFBC}") = "jsonplace", "jsonplace.csproj", "{8A1A929C-281D-46E5-AE0C-773A732795DB}"
EndProject
Project("{2150E333-8FDC-42A3-9474-1A3956D46DE8}") = "jsonplace.api", "jsonplace.api", "{BE7E9753-29C3-4E17-87CD-5E12ABDC1E13}"
EndProject
Global
	GlobalSection(SolutionConfigurationPlatforms) = preSolution
		Debug|Any CPU = Debug|Any CPU
		Release|Any CPU = Release|Any CPU
	EndGlobalSection
	GlobalSection(ProjectConfigurationPlatforms) = postSolution
		{8A1A929C-281D-46E5-AE0C-773A732795DB}.Debug|Any CPU.ActiveCfg = Debug|Any CPU
		{8A1A929C-281D-46E5-AE0C-773A732795DB}.Debug|Any CPU.Build.0 = Debug|Any CPU
		{8A1A929C-281D-46E5-AE0C-773A732795DB}.Release|Any CPU.ActiveCfg = Release|Any CPU
		{8A1A929C-281D-46E5-AE0C-773A732795DB}.Release|Any CPU.Build.0 = Release|Any CPU
	EndGlobalSection
	GlobalSection(SolutionProperties) = preSolution
		HideSolutionNode = FALSE
	EndGlobalSection
	GlobalSection(NestedProjects) = preSolution
		{8A1A929C-281D-46E5-AE0C-773A732795DB} = {BE7E9753-29C3-4E17-87CD-5E12ABDC1E13}
	EndGlobalSection
	GlobalSection(ExtensibilityGlobals) = postSolution
		SolutionGuid = {AE932D0E-3A3B-4839-896C-4BC7BC0F3702}
	EndGlobalSection
EndGlobal
